// !$*UTF8*$!
{
	archiveVersion = 1;
	classes = {
	};
	objectVersion = 46;
	objects = {

/* Begin PBXBuildFile section */
		D81A8EF2179F33C300E2845A /* DynamicSpringViewController.m in Sources */ = {isa = PBXBuildFile; fileRef = D81A8EF1179F33C300E2845A /* DynamicSpringViewController.m */; };
		D84B9ABA1755D5DD0029D763 /* UIKit.framework in Frameworks */ = {isa = PBXBuildFile; fileRef = D84B9AB91755D5DD0029D763 /* UIKit.framework */; };
		D84B9ABC1755D5DD0029D763 /* Foundation.framework in Frameworks */ = {isa = PBXBuildFile; fileRef = D84B9ABB1755D5DD0029D763 /* Foundation.framework */; };
		D84B9ABE1755D5DD0029D763 /* CoreGraphics.framework in Frameworks */ = {isa = PBXBuildFile; fileRef = D84B9ABD1755D5DD0029D763 /* CoreGraphics.framework */; };
		D84B9AC41755D5DD0029D763 /* InfoPlist.strings in Resources */ = {isa = PBXBuildFile; fileRef = D84B9AC21755D5DD0029D763 /* InfoPlist.strings */; };
		D84B9AC61755D5DD0029D763 /* main.m in Sources */ = {isa = PBXBuildFile; fileRef = D84B9AC51755D5DD0029D763 /* main.m */; };
		D84B9ACA1755D5DD0029D763 /* NBAppDelegate.m in Sources */ = {isa = PBXBuildFile; fileRef = D84B9AC91755D5DD0029D763 /* NBAppDelegate.m */; };
		D84B9ACC1755D5DD0029D763 /* Default.png in Resources */ = {isa = PBXBuildFile; fileRef = D84B9ACB1755D5DD0029D763 /* Default.png */; };
		D84B9ACE1755D5DD0029D763 /* Default@2x.png in Resources */ = {isa = PBXBuildFile; fileRef = D84B9ACD1755D5DD0029D763 /* Default@2x.png */; };
		D84B9AD01755D5DD0029D763 /* Default-568h@2x.png in Resources */ = {isa = PBXBuildFile; fileRef = D84B9ACF1755D5DD0029D763 /* Default-568h@2x.png */; };
		D84B9AD31755D5DD0029D763 /* NBViewController.m in Sources */ = {isa = PBXBuildFile; fileRef = D84B9AD21755D5DD0029D763 /* NBViewController.m */; };
		D84B9AE41755D69D0029D763 /* NBAnimation.m in Sources */ = {isa = PBXBuildFile; fileRef = D84B9ADF1755D69D0029D763 /* NBAnimation.m */; };
		D84B9AE51755D69D0029D763 /* NBAnimationHelper.m in Sources */ = {isa = PBXBuildFile; fileRef = D84B9AE11755D69D0029D763 /* NBAnimationHelper.m */; };
		D84B9AE61755D69D0029D763 /* NBDirectionGestureRecognizer.m in Sources */ = {isa = PBXBuildFile; fileRef = D84B9AE31755D69D0029D763 /* NBDirectionGestureRecognizer.m */; };
		D84B9AE81755D71D0029D763 /* QuartzCore.framework in Frameworks */ = {isa = PBXBuildFile; fileRef = D84B9AE71755D71D0029D763 /* QuartzCore.framework */; };
		D84B9AEB1755D90D0029D763 /* NBCardTossViewController.m in Sources */ = {isa = PBXBuildFile; fileRef = D84B9AEA1755D90D0029D763 /* NBCardTossViewController.m */; };
		D84B9AEE1755D9F20029D763 /* NBBounceViewController.m in Sources */ = {isa = PBXBuildFile; fileRef = D84B9AED1755D9F20029D763 /* NBBounceViewController.m */; };
/* End PBXBuildFile section */

/* Begin PBXFileReference section */
		D81A8EF0179F33C300E2845A /* DynamicSpringViewController.h */ = {isa = PBXFileReference; fileEncoding = 4; lastKnownFileType = sourcecode.c.h; path = DynamicSpringViewController.h; sourceTree = "<group>"; };
		D81A8EF1179F33C300E2845A /* DynamicSpringViewController.m */ = {isa = PBXFileReference; fileEncoding = 4; lastKnownFileType = sourcecode.c.objc; path = DynamicSpringViewController.m; sourceTree = "<group>"; };
		D84B9AB61755D5DD0029D763 /* NBKitExample.app */ = {isa = PBXFileReference; explicitFileType = wrapper.application; includeInIndex = 0; path = NBKitExample.app; sourceTree = BUILT_PRODUCTS_DIR; };
		D84B9AB91755D5DD0029D763 /* UIKit.framework */ = {isa = PBXFileReference; lastKnownFileType = wrapper.framework; name = UIKit.framework; path = System/Library/Frameworks/UIKit.framework; sourceTree = SDKROOT; };
		D84B9ABB1755D5DD0029D763 /* Foundation.framework */ = {isa = PBXFileReference; lastKnownFileType = wrapper.framework; name = Foundation.framework; path = System/Library/Frameworks/Foundation.framework; sourceTree = SDKROOT; };
		D84B9ABD1755D5DD0029D763 /* CoreGraphics.framework */ = {isa = PBXFileReference; lastKnownFileType = wrapper.framework; name = CoreGraphics.framework; path = System/Library/Frameworks/CoreGraphics.framework; sourceTree = SDKROOT; };
		D84B9AC11755D5DD0029D763 /* NBKitExample-Info.plist */ = {isa = PBXFileReference; lastKnownFileType = text.plist.xml; path = "NBKitExample-Info.plist"; sourceTree = "<group>"; };
		D84B9AC31755D5DD0029D763 /* en */ = {isa = PBXFileReference; lastKnownFileType = text.plist.strings; name = en; path = en.lproj/InfoPlist.strings; sourceTree = "<group>"; };
		D84B9AC51755D5DD0029D763 /* main.m */ = {isa = PBXFileReference; lastKnownFileType = sourcecode.c.objc; path = main.m; sourceTree = "<group>"; };
		D84B9AC71755D5DD0029D763 /* NBKitExample-Prefix.pch */ = {isa = PBXFileReference; lastKnownFileType = sourcecode.c.h; path = "NBKitExample-Prefix.pch"; sourceTree = "<group>"; };
		D84B9AC81755D5DD0029D763 /* NBAppDelegate.h */ = {isa = PBXFileReference; lastKnownFileType = sourcecode.c.h; path = NBAppDelegate.h; sourceTree = "<group>"; };
		D84B9AC91755D5DD0029D763 /* NBAppDelegate.m */ = {isa = PBXFileReference; lastKnownFileType = sourcecode.c.objc; path = NBAppDelegate.m; sourceTree = "<group>"; };
		D84B9ACB1755D5DD0029D763 /* Default.png */ = {isa = PBXFileReference; lastKnownFileType = image.png; path = Default.png; sourceTree = "<group>"; };
		D84B9ACD1755D5DD0029D763 /* Default@2x.png */ = {isa = PBXFileReference; lastKnownFileType = image.png; path = "Default@2x.png"; sourceTree = "<group>"; };
		D84B9ACF1755D5DD0029D763 /* Default-568h@2x.png */ = {isa = PBXFileReference; lastKnownFileType = image.png; path = "Default-568h@2x.png"; sourceTree = "<group>"; };
		D84B9AD11755D5DD0029D763 /* NBViewController.h */ = {isa = PBXFileReference; lastKnownFileType = sourcecode.c.h; path = NBViewController.h; sourceTree = "<group>"; };
		D84B9AD21755D5DD0029D763 /* NBViewController.m */ = {isa = PBXFileReference; lastKnownFileType = sourcecode.c.objc; path = NBViewController.m; sourceTree = "<group>"; };
		D84B9ADE1755D69D0029D763 /* NBAnimation.h */ = {isa = PBXFileReference; fileEncoding = 4; lastKnownFileType = sourcecode.c.h; name = NBAnimation.h; path = ../../Classes/NBAnimation.h; sourceTree = "<group>"; };
		D84B9ADF1755D69D0029D763 /* NBAnimation.m */ = {isa = PBXFileReference; fileEncoding = 4; lastKnownFileType = sourcecode.c.objc; name = NBAnimation.m; path = ../../Classes/NBAnimation.m; sourceTree = "<group>"; };
		D84B9AE01755D69D0029D763 /* NBAnimationHelper.h */ = {isa = PBXFileReference; fileEncoding = 4; lastKnownFileType = sourcecode.c.h; name = NBAnimationHelper.h; path = ../../Classes/NBAnimationHelper.h; sourceTree = "<group>"; };
		D84B9AE11755D69D0029D763 /* NBAnimationHelper.m */ = {isa = PBXFileReference; fileEncoding = 4; lastKnownFileType = sourcecode.c.objc; name = NBAnimationHelper.m; path = ../../Classes/NBAnimationHelper.m; sourceTree = "<group>"; };
		D84B9AE21755D69D0029D763 /* NBDirectionGestureRecognizer.h */ = {isa = PBXFileReference; fileEncoding = 4; lastKnownFileType = sourcecode.c.h; name = NBDirectionGestureRecognizer.h; path = ../../Classes/NBDirectionGestureRecognizer.h; sourceTree = "<group>"; };
		D84B9AE31755D69D0029D763 /* NBDirectionGestureRecognizer.m */ = {isa = PBXFileReference; fileEncoding = 4; lastKnownFileType = sourcecode.c.objc; name = NBDirectionGestureRecognizer.m; path = ../../Classes/NBDirectionGestureRecognizer.m; sourceTree = "<group>"; };
		D84B9AE71755D71D0029D763 /* QuartzCore.framework */ = {isa = PBXFileReference; lastKnownFileType = wrapper.framework; name = QuartzCore.framework; path = System/Library/Frameworks/QuartzCore.framework; sourceTree = SDKROOT; };
		D84B9AE91755D90D0029D763 /* NBCardTossViewController.h */ = {isa = PBXFileReference; fileEncoding = 4; lastKnownFileType = sourcecode.c.h; path = NBCardTossViewController.h; sourceTree = "<group>"; };
		D84B9AEA1755D90D0029D763 /* NBCardTossViewController.m */ = {isa = PBXFileReference; fileEncoding = 4; lastKnownFileType = sourcecode.c.objc; path = NBCardTossViewController.m; sourceTree = "<group>"; };
		D84B9AEC1755D9F20029D763 /* NBBounceViewController.h */ = {isa = PBXFileReference; fileEncoding = 4; lastKnownFileType = sourcecode.c.h; path = NBBounceViewController.h; sourceTree = "<group>"; };
		D84B9AED1755D9F20029D763 /* NBBounceViewController.m */ = {isa = PBXFileReference; fileEncoding = 4; lastKnownFileType = sourcecode.c.objc; path = NBBounceViewController.m; sourceTree = "<group>"; };
/* End PBXFileReference section */

/* Begin PBXFrameworksBuildPhase section */
		D84B9AB31755D5DD0029D763 /* Frameworks */ = {
			isa = PBXFrameworksBuildPhase;
			buildActionMask = 2147483647;
			files = (
				D84B9AE81755D71D0029D763 /* QuartzCore.framework in Frameworks */,
				D84B9ABA1755D5DD0029D763 /* UIKit.framework in Frameworks */,
				D84B9ABC1755D5DD0029D763 /* Foundation.framework in Frameworks */,
				D84B9ABE1755D5DD0029D763 /* CoreGraphics.framework in Frameworks */,
			);
			runOnlyForDeploymentPostprocessing = 0;
		};
/* End PBXFrameworksBuildPhase section */

/* Begin PBXGroup section */
		D84B9AAD1755D5DD0029D763 = {
			isa = PBXGroup;
			children = (
				D84B9ABF1755D5DD0029D763 /* NBKitExample */,
				D84B9AB81755D5DD0029D763 /* Frameworks */,
				D84B9AB71755D5DD0029D763 /* Products */,
				D84B9ADC1755D6700029D763 /* Vendor */,
			);
			sourceTree = "<group>";
		};
		D84B9AB71755D5DD0029D763 /* Products */ = {
			isa = PBXGroup;
			children = (
				D84B9AB61755D5DD0029D763 /* NBKitExample.app */,
			);
			name = Products;
			sourceTree = "<group>";
		};
		D84B9AB81755D5DD0029D763 /* Frameworks */ = {
			isa = PBXGroup;
			children = (
				D84B9AE71755D71D0029D763 /* QuartzCore.framework */,
				D84B9AB91755D5DD0029D763 /* UIKit.framework */,
				D84B9ABB1755D5DD0029D763 /* Foundation.framework */,
				D84B9ABD1755D5DD0029D763 /* CoreGraphics.framework */,
			);
			name = Frameworks;
			sourceTree = "<group>";
		};
		D84B9ABF1755D5DD0029D763 /* NBKitExample */ = {
			isa = PBXGroup;
			children = (
				D84B9AC81755D5DD0029D763 /* NBAppDelegate.h */,
				D84B9AC91755D5DD0029D763 /* NBAppDelegate.m */,
				D84B9AD11755D5DD0029D763 /* NBViewController.h */,
				D84B9AD21755D5DD0029D763 /* NBViewController.m */,
				D84B9AEC1755D9F20029D763 /* NBBounceViewController.h */,
				D84B9AED1755D9F20029D763 /* NBBounceViewController.m */,
				D84B9AE91755D90D0029D763 /* NBCardTossViewController.h */,
				D84B9AEA1755D90D0029D763 /* NBCardTossViewController.m */,
				D84B9AC01755D5DD0029D763 /* Supporting Files */,
				D81A8EF0179F33C300E2845A /* DynamicSpringViewController.h */,
				D81A8EF1179F33C300E2845A /* DynamicSpringViewController.m */,
			);
			path = NBKitExample;
			sourceTree = "<group>";
		};
		D84B9AC01755D5DD0029D763 /* Supporting Files */ = {
			isa = PBXGroup;
			children = (
				D84B9AC11755D5DD0029D763 /* NBKitExample-Info.plist */,
				D84B9AC21755D5DD0029D763 /* InfoPlist.strings */,
				D84B9AC51755D5DD0029D763 /* main.m */,
				D84B9AC71755D5DD0029D763 /* NBKitExample-Prefix.pch */,
				D84B9ACB1755D5DD0029D763 /* Default.png */,
				D84B9ACD1755D5DD0029D763 /* Default@2x.png */,
				D84B9ACF1755D5DD0029D763 /* Default-568h@2x.png */,
			);
			name = "Supporting Files";
			sourceTree = "<group>";
		};
		D84B9ADC1755D6700029D763 /* Vendor */ = {
			isa = PBXGroup;
			children = (
				D84B9ADD1755D68E0029D763 /* NBKit */,
			);
			name = Vendor;
			sourceTree = "<group>";
		};
		D84B9ADD1755D68E0029D763 /* NBKit */ = {
			isa = PBXGroup;
			children = (
				D84B9ADE1755D69D0029D763 /* NBAnimation.h */,
				D84B9ADF1755D69D0029D763 /* NBAnimation.m */,
				D84B9AE01755D69D0029D763 /* NBAnimationHelper.h */,
				D84B9AE11755D69D0029D763 /* NBAnimationHelper.m */,
				D84B9AE21755D69D0029D763 /* NBDirectionGestureRecognizer.h */,
				D84B9AE31755D69D0029D763 /* NBDirectionGestureRecognizer.m */,
			);
			name = NBKit;
			sourceTree = "<group>";
		};
/* End PBXGroup section */

/* Begin PBXNativeTarget section */
		D84B9AB51755D5DD0029D763 /* NBKitExample */ = {
			isa = PBXNativeTarget;
			buildConfigurationList = D84B9AD91755D5DD0029D763 /* Build configuration list for PBXNativeTarget "NBKitExample" */;
			buildPhases = (
				D84B9AB21755D5DD0029D763 /* Sources */,
				D84B9AB31755D5DD0029D763 /* Frameworks */,
				D84B9AB41755D5DD0029D763 /* Resources */,
			);
			buildRules = (
			);
			dependencies = (
			);
			name = NBKitExample;
			productName = NBKitExample;
			productReference = D84B9AB61755D5DD0029D763 /* NBKitExample.app */;
			productType = "com.apple.product-type.application";
		};
/* End PBXNativeTarget section */

/* Begin PBXProject section */
		D84B9AAE1755D5DD0029D763 /* Project object */ = {
			isa = PBXProject;
			attributes = {
				CLASSPREFIX = NB;
				LastUpgradeCheck = 0460;
				ORGANIZATIONNAME = "Nathan Borror";
			};
			buildConfigurationList = D84B9AB11755D5DD0029D763 /* Build configuration list for PBXProject "NBKitExample" */;
			compatibilityVersion = "Xcode 3.2";
			developmentRegion = English;
			hasScannedForEncodings = 0;
			knownRegions = (
				en,
			);
			mainGroup = D84B9AAD1755D5DD0029D763;
			productRefGroup = D84B9AB71755D5DD0029D763 /* Products */;
			projectDirPath = "";
			projectRoot = "";
			targets = (
				D84B9AB51755D5DD0029D763 /* NBKitExample */,
			);
		};
/* End PBXProject section */

/* Begin PBXResourcesBuildPhase section */
		D84B9AB41755D5DD0029D763 /* Resources */ = {
			isa = PBXResourcesBuildPhase;
			buildActionMask = 2147483647;
			files = (
				D84B9AC41755D5DD0029D763 /* InfoPlist.strings in Resources */,
				D84B9ACC1755D5DD0029D763 /* Default.png in Resources */,
				D84B9ACE1755D5DD0029D763 /* Default@2x.png in Resources */,
				D84B9AD01755D5DD0029D763 /* Default-568h@2x.png in Resources */,
			);
			runOnlyForDeploymentPostprocessing = 0;
		};
/* End PBXResourcesBuildPhase section */

/* Begin PBXSourcesBuildPhase section */
		D84B9AB21755D5DD0029D763 /* Sources */ = {
			isa = PBXSourcesBuildPhase;
			buildActionMask = 2147483647;
			files = (
				D84B9AC61755D5DD0029D763 /* main.m in Sources */,
				D84B9ACA1755D5DD0029D763 /* NBAppDelegate.m in Sources */,
				D84B9AD31755D5DD0029D763 /* NBViewController.m in Sources */,
				D84B9AE41755D69D0029D763 /* NBAnimation.m in Sources */,
				D84B9AE51755D69D0029D763 /* NBAnimationHelper.m in Sources */,
				D84B9AE61755D69D0029D763 /* NBDirectionGestureRecognizer.m in Sources */,
				D84B9AEB1755D90D0029D763 /* NBCardTossViewController.m in Sources */,
				D84B9AEE1755D9F20029D763 /* NBBounceViewController.m in Sources */,
				D81A8EF2179F33C300E2845A /* DynamicSpringViewController.m in Sources */,
			);
			runOnlyForDeploymentPostprocessing = 0;
		};
/* End PBXSourcesBuildPhase section */

/* Begin PBXVariantGroup section */
		D84B9AC21755D5DD0029D763 /* InfoPlist.strings */ = {
			isa = PBXVariantGroup;
			children = (
				D84B9AC31755D5DD0029D763 /* en */,
			);
			name = InfoPlist.strings;
			sourceTree = "<group>";
		};
/* End PBXVariantGroup section */

/* Begin XCBuildConfiguration section */
		D84B9AD71755D5DD0029D763 /* Debug */ = {
			isa = XCBuildConfiguration;
			buildSettings = {
				ALWAYS_SEARCH_USER_PATHS = NO;
				CLANG_CXX_LANGUAGE_STANDARD = "gnu++0x";
				CLANG_CXX_LIBRARY = "libc++";
				CLANG_ENABLE_OBJC_ARC = YES;
				CLANG_WARN_CONSTANT_CONVERSION = YES;
				CLANG_WARN_EMPTY_BODY = YES;
				CLANG_WARN_ENUM_CONVERSION = YES;
				CLANG_WARN_INT_CONVERSION = YES;
				CLANG_WARN__DUPLICATE_METHOD_MATCH = YES;
				"CODE_SIGN_IDENTITY[sdk=iphoneos*]" = "iPhone Developer";
				COPY_PHASE_STRIP = NO;
				GCC_C_LANGUAGE_STANDARD = gnu99;
				GCC_DYNAMIC_NO_PIC = NO;
				GCC_OPTIMIZATION_LEVEL = 0;
				GCC_PREPROCESSOR_DEFINITIONS = (
					"DEBUG=1",
					"$(inherited)",
				);
				GCC_SYMBOLS_PRIVATE_EXTERN = NO;
				GCC_WARN_ABOUT_RETURN_TYPE = YES;
				GCC_WARN_UNINITIALIZED_AUTOS = YES;
				GCC_WARN_UNUSED_VARIABLE = YES;
				IPHONEOS_DEPLOYMENT_TARGET = 6.1;
				ONLY_ACTIVE_ARCH = YES;
				SDKROOT = iphoneos;
			};
			name = Debug;
		};
		D84B9AD81755D5DD0029D763 /* Release */ = {
			isa = XCBuildConfiguration;
			buildSettings = {
				ALWAYS_SEARCH_USER_PATHS = NO;
				CLANG_CXX_LANGUAGE_STANDARD = "gnu++0x";
				CLANG_CXX_LIBRARY = "libc++";
				CLANG_ENABLE_OBJC_ARC = YES;
				CLANG_WARN_CONSTANT_CONVERSION = YES;
				CLANG_WARN_EMPTY_BODY = YES;
				CLANG_WARN_ENUM_CONVERSION = YES;
				CLANG_WARN_INT_CONVERSION = YES;
				CLANG_WARN__DUPLICATE_METHOD_MATCH = YES;
				"CODE_SIGN_IDENTITY[sdk=iphoneos*]" = "iPhone Developer";
				COPY_PHASE_STRIP = YES;
				GCC_C_LANGUAGE_STANDARD = gnu99;
				GCC_WARN_ABOUT_RETURN_TYPE = YES;
				GCC_WARN_UNINITIALIZED_AUTOS = YES;
				GCC_WARN_UNUSED_VARIABLE = YES;
				IPHONEOS_DEPLOYMENT_TARGET = 6.1;
				OTHER_CFLAGS = "-DNS_BLOCK_ASSERTIONS=1";
				SDKROOT = iphoneos;
				VALIDATE_PRODUCT = YES;
			};
			name = Release;
		};
		D84B9ADA1755D5DD0029D763 /* Debug */ = {
			isa = XCBuildConfiguration;
			buildSettings = {
				GCC_PRECOMPILE_PREFIX_HEADER = YES;
				GCC_PREFIX_HEADER = "NBKitExample/NBKitExample-Prefix.pch";
				INFOPLIST_FILE = "NBKitExample/NBKitExample-Info.plist";
				PRODUCT_NAME = "$(TARGET_NAME)";
				WRAPPER_EXTENSION = app;
			};
			name = Debug;
		};
		D84B9ADB1755D5DD0029D763 /* Release */ = {
			isa = XCBuildConfiguration;
			buildSettings = {
				GCC_PRECOMPILE_PREFIX_HEADER = YES;
				GCC_PREFIX_HEADER = "NBKitExample/NBKitExample-Prefix.pch";
				INFOPLIST_FILE = "NBKitExample/NBKitExample-Info.plist";
				PRODUCT_NAME = "$(TARGET_NAME)";
				WRAPPER_EXTENSION = app;
			};
			name = Release;
		};
/* End XCBuildConfiguration section */

/* Begin XCConfigurationList section */
		D84B9AB11755D5DD0029D763 /* Build configuration list for PBXProject "NBKitExample" */ = {
			isa = XCConfigurationList;
			buildConfigurations = (
				D84B9AD71755D5DD0029D763 /* Debug */,
				D84B9AD81755D5DD0029D763 /* Release */,
			);
			defaultConfigurationIsVisible = 0;
			defaultConfigurationName = Release;
		};
		D84B9AD91755D5DD0029D763 /* Build configuration list for PBXNativeTarget "NBKitExample" */ = {
			isa = XCConfigurationList;
			buildConfigurations = (
				D84B9ADA1755D5DD0029D763 /* Debug */,
				D84B9ADB1755D5DD0029D763 /* Release */,
			);
			defaultConfigurationIsVisible = 0;
			defaultConfigurationName = Release;
		};
/* End XCConfigurationList section */
	};
	rootObject = D84B9AAE1755D5DD0029D763 /* Project object */;
}
